
Microsoft Visual Studio Solution File, Format Version 12.00
# Visual Studio Version 17
VisualStudioVersion = 17.10.34916.146
MinimumVisualStudioVersion = 10.0.40219.1
Project("{9A19103F-16F7-4668-BE54-9A1E7A4F7556}") = "Events.API", "Events.API\Events.API.csproj", "{C67D4A02-D4CD-4ABC-B171-1280786EFE66}"
EndProject
Project("{9A19103F-16F7-4668-BE54-9A1E7A4F7556}") = "Events.Core", "Events.Core\Events.Core.csproj", "{B8D7CE06-398B-427A-8CF9-A3144F456CBF}"
EndProject
Project("{9A19103F-16F7-4668-BE54-9A1E7A4F7556}") = "Events.DataAccess", "Events.DataAccess\Events.DataAccess.csproj", "{46134C18-CDF1-4BCD-9770-5964323CA66B}"
EndProject
Project("{FAE04EC0-301F-11D3-BF4B-00C04F79EFBC}") = "Events.Application", "Events.Application\Events.Application.csproj", "{A1B5F1B8-0D3C-480A-A88D-1F9A57FDFDBA}"
EndProject
Global
	GlobalSection(SolutionConfigurationPlatforms) = preSolution
		Debug|Any CPU = Debug|Any CPU
		Release|Any CPU = Release|Any CPU
	EndGlobalSection
	GlobalSection(ProjectConfigurationPlatforms) = postSolution
		{C67D4A02-D4CD-4ABC-B171-1280786EFE66}.Debug|Any CPU.ActiveCfg = Debug|Any CPU
		{C67D4A02-D4CD-4ABC-B171-1280786EFE66}.Debug|Any CPU.Build.0 = Debug|Any CPU
		{C67D4A02-D4CD-4ABC-B171-1280786EFE66}.Release|Any CPU.ActiveCfg = Release|Any CPU
		{C67D4A02-D4CD-4ABC-B171-1280786EFE66}.Release|Any CPU.Build.0 = Release|Any CPU
		{B8D7CE06-398B-427A-8CF9-A3144F456CBF}.Debug|Any CPU.ActiveCfg = Debug|Any CPU
		{B8D7CE06-398B-427A-8CF9-A3144F456CBF}.Debug|Any CPU.Build.0 = Debug|Any CPU
		{B8D7CE06-398B-427A-8CF9-A3144F456CBF}.Release|Any CPU.ActiveCfg = Release|Any CPU
		{B8D7CE06-398B-427A-8CF9-A3144F456CBF}.Release|Any CPU.Build.0 = Release|Any CPU
		{46134C18-CDF1-4BCD-9770-5964323CA66B}.Debug|Any CPU.ActiveCfg = Debug|Any CPU
		{46134C18-CDF1-4BCD-9770-5964323CA66B}.Debug|Any CPU.Build.0 = Debug|Any CPU
		{46134C18-CDF1-4BCD-9770-5964323CA66B}.Release|Any CPU.ActiveCfg = Release|Any CPU
		{46134C18-CDF1-4BCD-9770-5964323CA66B}.Release|Any CPU.Build.0 = Release|Any CPU
		{A1B5F1B8-0D3C-480A-A88D-1F9A57FDFDBA}.Debug|Any CPU.ActiveCfg = Debug|Any CPU
		{A1B5F1B8-0D3C-480A-A88D-1F9A57FDFDBA}.Debug|Any CPU.Build.0 = Debug|Any CPU
		{A1B5F1B8-0D3C-480A-A88D-1F9A57FDFDBA}.Release|Any CPU.ActiveCfg = Release|Any CPU
		{A1B5F1B8-0D3C-480A-A88D-1F9A57FDFDBA}.Release|Any CPU.Build.0 = Release|Any CPU
	EndGlobalSection
	GlobalSection(SolutionProperties) = preSolution
		HideSolutionNode = FALSE
	EndGlobalSection
	GlobalSection(ExtensibilityGlobals) = postSolution
		SolutionGuid = {E2D18EDA-6E2A-4CDE-B9AA-8715FE4C81B5}
	EndGlobalSection
EndGlobal
